
Microsoft Visual Studio Solution File, Format Version 12.00
# Visual Studio 15
VisualStudioVersion = 15.0.27130.2036
MinimumVisualStudioVersion = 10.0.40219.1
Project("{9A19103F-16F7-4668-BE54-9A1E7A4F7556}") = "WorkingWithVisualStudio", "WorkingWithVisualStudio\WorkingWithVisualStudio.csproj", "{FBA593E7-03FD-48EB-9621-CD5ACC135B65}"
EndProject
Project("{FAE04EC0-301F-11D3-BF4B-00C04F79EFBC}") = "WorkingWithVisualStudio.Tests", "WorkingWithVisualStudio.Tests\WorkingWithVisualStudio.Tests.csproj", "{3A00CC65-C9DF-475F-AB4B-D7772A3BCF79}"
EndProject
Global
	GlobalSection(SolutionConfigurationPlatforms) = preSolution
		Debug|Any CPU = Debug|Any CPU
		Release|Any CPU = Release|Any CPU
	EndGlobalSection
	GlobalSection(ProjectConfigurationPlatforms) = postSolution
		{FBA593E7-03FD-48EB-9621-CD5ACC135B65}.Debug|Any CPU.ActiveCfg = Debug|Any CPU
		{FBA593E7-03FD-48EB-9621-CD5ACC135B65}.Debug|Any CPU.Build.0 = Debug|Any CPU
		{FBA593E7-03FD-48EB-9621-CD5ACC135B65}.Release|Any CPU.ActiveCfg = Release|Any CPU
		{FBA593E7-03FD-48EB-9621-CD5ACC135B65}.Release|Any CPU.Build.0 = Release|Any CPU
		{3A00CC65-C9DF-475F-AB4B-D7772A3BCF79}.Debug|Any CPU.ActiveCfg = Debug|Any CPU
		{3A00CC65-C9DF-475F-AB4B-D7772A3BCF79}.Debug|Any CPU.Build.0 = Debug|Any CPU
		{3A00CC65-C9DF-475F-AB4B-D7772A3BCF79}.Release|Any CPU.ActiveCfg = Release|Any CPU
		{3A00CC65-C9DF-475F-AB4B-D7772A3BCF79}.Release|Any CPU.Build.0 = Release|Any CPU
	EndGlobalSection
	GlobalSection(SolutionProperties) = preSolution
		HideSolutionNode = FALSE
	EndGlobalSection
	GlobalSection(ExtensibilityGlobals) = postSolution
		SolutionGuid = {A1E2EBDC-119F-4689-9A53-1FE37B048FCB}
	EndGlobalSection
EndGlobal
